
Microsoft Visual Studio Solution File, Format Version 12.00
# Visual Studio Version 17
VisualStudioVersion = 17.5.33414.496
MinimumVisualStudioVersion = 10.0.40219.1
Project("{FAE04EC0-301F-11D3-BF4B-00C04F79EFBC}") = "B19", "B19.csproj", "{89DDC509-A338-4187-90B3-49041CBFD691}"
EndProject
Global
	GlobalSection(SolutionConfigurationPlatforms) = preSolution
		Debug|Any CPU = Debug|Any CPU
		Release|Any CPU = Release|Any CPU
	EndGlobalSection
	GlobalSection(ProjectConfigurationPlatforms) = postSolution
		{89DDC509-A338-4187-90B3-49041CBFD691}.Debug|Any CPU.ActiveCfg = Debug|Any CPU
		{89DDC509-A338-4187-90B3-49041CBFD691}.Debug|Any CPU.Build.0 = Debug|Any CPU
		{89DDC509-A338-4187-90B3-49041CBFD691}.Release|Any CPU.ActiveCfg = Release|Any CPU
		{89DDC509-A338-4187-90B3-49041CBFD691}.Release|Any CPU.Build.0 = Release|Any CPU
	EndGlobalSection
	GlobalSection(SolutionProperties) = preSolution
		HideSolutionNode = FALSE
	EndGlobalSection
	GlobalSection(ExtensibilityGlobals) = postSolution
		SolutionGuid = {8D77CE9B-4BF9-4747-BE27-952463504363}
	EndGlobalSection
EndGlobal
